
Microsoft Visual Studio Solution File, Format Version 12.00
Project("{FAE04EC0-301F-11D3-BF4B-00C04F79EFBC}") = "Task_02", "Task_02\Task_02.csproj", "{0A43349D-EE75-487A-B544-C11C8BEF7F5B}"
EndProject
Global
	GlobalSection(SolutionConfigurationPlatforms) = preSolution
		Debug|Any CPU = Debug|Any CPU
		Release|Any CPU = Release|Any CPU
	EndGlobalSection
	GlobalSection(ProjectConfigurationPlatforms) = postSolution
		{0A43349D-EE75-487A-B544-C11C8BEF7F5B}.Debug|Any CPU.ActiveCfg = Debug|Any CPU
		{0A43349D-EE75-487A-B544-C11C8BEF7F5B}.Debug|Any CPU.Build.0 = Debug|Any CPU
		{0A43349D-EE75-487A-B544-C11C8BEF7F5B}.Release|Any CPU.ActiveCfg = Release|Any CPU
		{0A43349D-EE75-487A-B544-C11C8BEF7F5B}.Release|Any CPU.Build.0 = Release|Any CPU
	EndGlobalSection
EndGlobal
